{
  "version": 4,
  "terraform_version": "1.5.7",
  "serial": 70,
  "lineage": "8d8f7974-c142-2bb7-2828-c087e71c545c",
  "outputs": {
    "app_node_floating_ip": {
      "value": "129.114.25.7",
      "type": "string"
    },
    "gpu_node_id": {
      "value": "bfb3a324-5474-43ea-acf5-d50504c7acbf",
      "type": "string"
    },
    "gpu_node_private_ip": {
      "value": "10.52.2.180",
      "type": "string"
    }
  },
  "resources": [
    {
      "mode": "data",
      "type": "openstack_networking_network_v2",
      "name": "kvm_sharednet1",
      "provider": "provider[\"registry.terraform.io/terraform-provider-openstack/openstack\"].kvm",
      "instances": [
        {
          "schema_version": 0,
          "attributes": {
            "admin_state_up": "true",
            "all_tags": [],
            "availability_zone_hints": [],
            "description": "",
            "dns_domain": "",
            "external": false,
            "id": "50073c73-5817-49c3-8e3a-69b8c357e158",
            "matching_subnet_cidr": null,
            "mtu": 1450,
            "name": "sharednet1",
            "network_id": null,
            "region": "KVM@TACC",
            "segments": [],
            "shared": "true",
            "status": null,
            "subnets": [
              "06c725cd-feef-4bf3-a56a-457583f00217"
            ],
            "tags": null,
            "tenant_id": "570aad8999f7499db99eae22fe9b29bb",
            "transparent_vlan": false
          },
          "sensitive_attributes": []
        }
      ]
    },
    {
      "mode": "data",
      "type": "openstack_networking_network_v2",
      "name": "sharednet1",
      "provider": "provider[\"registry.terraform.io/terraform-provider-openstack/openstack\"]",
      "instances": [
        {
          "schema_version": 0,
          "attributes": {
            "admin_state_up": "true",
            "all_tags": [],
            "availability_zone_hints": [],
            "description": "",
            "dns_domain": "",
            "external": false,
            "id": "1a03cf65-8fd6-4fce-94fd-bbaabe68a8e1",
            "matching_subnet_cidr": null,
            "mtu": 1500,
            "name": "sharednet1",
            "network_id": null,
            "region": "CHI@TACC",
            "segments": [],
            "shared": "true",
            "status": null,
            "subnets": [
              "773d4558-7b7f-4141-8edf-1557ad25b795"
            ],
            "tags": null,
            "tenant_id": "570aad8999f7499db99eae22fe9b29bb",
            "transparent_vlan": false
          },
          "sensitive_attributes": []
        }
      ]
    },
    {
      "mode": "data",
      "type": "openstack_networking_secgroup_v2",
      "name": "allow_http_80",
      "provider": "provider[\"registry.terraform.io/terraform-provider-openstack/openstack\"]",
      "instances": [
        {
          "schema_version": 0,
          "attributes": {
            "all_tags": [],
            "description": "Default security group",
            "id": "dd4cd2bb-1ef6-456b-8046-ea5772a7222e",
            "name": "default",
            "region": "CHI@TACC",
            "secgroup_id": null,
            "tags": null,
            "tenant_id": "d3c6e101843a4ba79e665ebf59b521a2"
          },
          "sensitive_attributes": []
        }
      ]
    },
    {
      "mode": "data",
      "type": "openstack_networking_secgroup_v2",
      "name": "allow_ssh",
      "provider": "provider[\"registry.terraform.io/terraform-provider-openstack/openstack\"]",
      "instances": [
        {
          "schema_version": 0,
          "attributes": {
            "all_tags": [],
            "description": "Enable SSH traffic on TCP port 22",
            "id": "035153a0-2bb1-4ff8-aeea-f7282a64ac7c",
            "name": "allow-ssh",
            "region": "CHI@TACC",
            "secgroup_id": null,
            "tags": null,
            "tenant_id": "d3c6e101843a4ba79e665ebf59b521a2"
          },
          "sensitive_attributes": []
        }
      ]
    },
    {
      "mode": "data",
      "type": "openstack_networking_secgroup_v2",
      "name": "kvm_allow_http",
      "provider": "provider[\"registry.terraform.io/terraform-provider-openstack/openstack\"].kvm",
      "instances": [
        {
          "schema_version": 0,
          "attributes": {
            "all_tags": [],
            "description": "Default security group",
            "id": "833aa0fa-62f6-4eac-8ddf-510bb3441da3",
            "name": "default",
            "region": "KVM@TACC",
            "secgroup_id": null,
            "tags": null,
            "tenant_id": "89f528973fea4b3a981f9b2344e522de"
          },
          "sensitive_attributes": []
        }
      ]
    },
    {
      "mode": "data",
      "type": "openstack_networking_secgroup_v2",
      "name": "kvm_allow_ssh",
      "provider": "provider[\"registry.terraform.io/terraform-provider-openstack/openstack\"].kvm",
      "instances": [
        {
          "schema_version": 0,
          "attributes": {
            "all_tags": [],
            "description": "Enable SSH traffic on TCP port 22",
            "id": "07f63bb2-20f7-45ab-bd47-da7d8e388a36",
            "name": "allow-ssh",
            "region": "KVM@TACC",
            "secgroup_id": null,
            "tags": null,
            "tenant_id": "89f528973fea4b3a981f9b2344e522de"
          },
          "sensitive_attributes": []
        }
      ]
    },
    {
      "mode": "managed",
      "type": "openstack_compute_instance_v2",
      "name": "app_node",
      "provider": "provider[\"registry.terraform.io/terraform-provider-openstack/openstack\"].kvm",
      "instances": [
        {
          "status": "tainted",
          "schema_version": 0,
          "attributes": {
            "access_ip_v4": null,
            "access_ip_v6": null,
            "admin_pass": null,
            "all_metadata": null,
            "all_tags": [],
            "availability_zone": null,
            "availability_zone_hints": null,
            "block_device": [],
            "config_drive": null,
            "created": null,
            "flavor_id": null,
            "flavor_name": "m1.xlarge",
            "floating_ip": null,
            "force_delete": false,
            "id": "3147cbf5-f666-46f0-8e4f-347fc446f0a7",
            "image_id": null,
            "image_name": "CC-Ubuntu24.04",
            "key_pair": "id_rsa_chameleon",
            "metadata": null,
            "name": "app-node-proj09-devops",
            "network": [
              {
                "access_network": false,
                "fixed_ip_v4": "",
                "fixed_ip_v6": "",
                "floating_ip": "",
                "mac": "",
                "name": "",
                "port": "4a713eb7-c2f2-4cb9-bf25-1359753f15a9",
                "uuid": ""
              }
            ],
            "network_mode": null,
            "personality": [],
            "power_state": "active",
            "region": null,
            "scheduler_hints": [],
            "security_groups": [],
            "stop_before_destroy": false,
            "tags": null,
            "timeouts": null,
            "updated": null,
            "user_data": "0ed93adaa519e87832d52c9ca99cb16849f89485",
            "vendor_options": [],
            "volume": []
          },
          "sensitive_attributes": [],
          "private": "eyJlMmJmYjczMC1lY2FhLTExZTYtOGY4OC0zNDM2M2JjN2M0YzAiOnsiY3JlYXRlIjoxODAwMDAwMDAwMDAwLCJkZWxldGUiOjE4MDAwMDAwMDAwMDAsInVwZGF0ZSI6MTgwMDAwMDAwMDAwMH19",
          "dependencies": [
            "data.openstack_networking_network_v2.kvm_sharednet1",
            "data.openstack_networking_secgroup_v2.kvm_allow_http",
            "data.openstack_networking_secgroup_v2.kvm_allow_ssh",
            "openstack_networking_port_v2.app_port"
          ]
        }
      ]
    },
    {
      "mode": "managed",
      "type": "openstack_compute_instance_v2",
      "name": "gpu_node",
      "provider": "provider[\"registry.terraform.io/terraform-provider-openstack/openstack\"]",
      "instances": [
        {
          "schema_version": 0,
          "attributes": {
            "access_ip_v4": "10.52.2.180",
            "access_ip_v6": "",
            "admin_pass": null,
            "all_metadata": {},
            "all_tags": [],
            "availability_zone": "nova",
            "availability_zone_hints": null,
            "block_device": [],
            "config_drive": null,
            "created": "2026-04-19 00:06:25 +0000 UTC",
            "flavor_id": "baremetal",
            "flavor_name": "baremetal",
            "floating_ip": null,
            "force_delete": false,
            "id": "bfb3a324-5474-43ea-acf5-d50504c7acbf",
            "image_id": "42c4af2e-2a61-4f1f-bc38-7a89a654370d",
            "image_name": "CC-Ubuntu24.04-CUDA",
            "key_pair": "id_rsa_chameleon",
            "metadata": null,
            "name": "gpu-node-proj09-devops",
            "network": [
              {
                "access_network": false,
                "fixed_ip_v4": "10.52.2.180",
                "fixed_ip_v6": "",
                "floating_ip": "",
                "mac": "34:80:0d:de:76:1a",
                "name": "sharednet1",
                "port": "63c8213b-8d82-4599-882b-6003531ac5bf",
                "uuid": "1a03cf65-8fd6-4fce-94fd-bbaabe68a8e1"
              }
            ],
            "network_mode": null,
            "personality": [],
            "power_state": "active",
            "region": "CHI@TACC",
            "scheduler_hints": [
              {
                "additional_properties": {
                  "reservation": "82c57272-9147-4984-b623-126713b3f793"
                },
                "build_near_host_ip": "",
                "different_cell": [],
                "different_host": [],
                "group": "",
                "query": [],
                "same_host": [],
                "target_cell": ""
              }
            ],
            "security_groups": [
              "allow-ssh",
              "default"
            ],
            "stop_before_destroy": false,
            "tags": null,
            "timeouts": null,
            "updated": "2026-04-19 00:14:19 +0000 UTC",
            "user_data": "a5725aad046828aaadbe4c3d266094340f4b8d77",
            "vendor_options": [],
            "volume": []
          },
          "sensitive_attributes": [],
          "private": "eyJlMmJmYjczMC1lY2FhLTExZTYtOGY4OC0zNDM2M2JjN2M0YzAiOnsiY3JlYXRlIjoxODAwMDAwMDAwMDAwLCJkZWxldGUiOjE4MDAwMDAwMDAwMDAsInVwZGF0ZSI6MTgwMDAwMDAwMDAwMH19",
          "dependencies": [
            "data.openstack_networking_network_v2.sharednet1",
            "data.openstack_networking_secgroup_v2.allow_http_80",
            "data.openstack_networking_secgroup_v2.allow_ssh",
            "openstack_networking_port_v2.gpu_port"
          ]
        }
      ]
    },
    {
      "mode": "managed",
      "type": "openstack_networking_floatingip_v2",
      "name": "app_floating_ip",
      "provider": "provider[\"registry.terraform.io/terraform-provider-openstack/openstack\"].kvm",
      "instances": [
        {
          "schema_version": 0,
          "attributes": {
            "address": "129.114.25.7",
            "all_tags": [],
            "description": "App node public access for proj09-devops",
            "dns_domain": "",
            "dns_name": "",
            "fixed_ip": "10.56.1.138",
            "id": "252ad6e3-3f7f-4117-bb51-9a76f270fc78",
            "pool": "public",
            "port_id": "4a713eb7-c2f2-4cb9-bf25-1359753f15a9",
            "region": "KVM@TACC",
            "subnet_id": null,
            "subnet_ids": null,
            "tags": null,
            "tenant_id": "89f528973fea4b3a981f9b2344e522de",
            "timeouts": null,
            "value_specs": null
          },
          "sensitive_attributes": [],
          "private": "eyJlMmJmYjczMC1lY2FhLTExZTYtOGY4OC0zNDM2M2JjN2M0YzAiOnsiY3JlYXRlIjo2MDAwMDAwMDAwMDAsImRlbGV0ZSI6NjAwMDAwMDAwMDAwfX0=",
          "dependencies": [
            "data.openstack_networking_network_v2.kvm_sharednet1",
            "data.openstack_networking_secgroup_v2.kvm_allow_http",
            "data.openstack_networking_secgroup_v2.kvm_allow_ssh",
            "openstack_networking_port_v2.app_port"
          ]
        }
      ]
    },
    {
      "mode": "managed",
      "type": "openstack_networking_port_v2",
      "name": "app_port",
      "provider": "provider[\"registry.terraform.io/terraform-provider-openstack/openstack\"].kvm",
      "instances": [
        {
          "schema_version": 0,
          "attributes": {
            "admin_state_up": true,
            "all_fixed_ips": [
              "10.56.1.138"
            ],
            "all_security_group_ids": [
              "07f63bb2-20f7-45ab-bd47-da7d8e388a36",
              "833aa0fa-62f6-4eac-8ddf-510bb3441da3"
            ],
            "all_tags": [],
            "allowed_address_pairs": [],
            "binding": [
              {
                "host_id": "",
                "profile": "",
                "vif_details": {},
                "vif_type": "",
                "vnic_type": "normal"
              }
            ],
            "description": "",
            "device_id": "",
            "device_owner": "",
            "dns_assignment": [],
            "dns_name": "",
            "extra_dhcp_option": [],
            "fixed_ip": [],
            "id": "4a713eb7-c2f2-4cb9-bf25-1359753f15a9",
            "mac_address": "fa:16:3e:67:50:2b",
            "name": "app-port-proj09-devops",
            "network_id": "50073c73-5817-49c3-8e3a-69b8c357e158",
            "no_fixed_ip": null,
            "no_security_groups": null,
            "port_security_enabled": true,
            "qos_policy_id": "",
            "region": "KVM@TACC",
            "security_group_ids": [
              "07f63bb2-20f7-45ab-bd47-da7d8e388a36",
              "833aa0fa-62f6-4eac-8ddf-510bb3441da3"
            ],
            "tags": null,
            "tenant_id": "89f528973fea4b3a981f9b2344e522de",
            "timeouts": null,
            "value_specs": null
          },
          "sensitive_attributes": [],
          "private": "eyJlMmJmYjczMC1lY2FhLTExZTYtOGY4OC0zNDM2M2JjN2M0YzAiOnsiY3JlYXRlIjo2MDAwMDAwMDAwMDAsImRlbGV0ZSI6NjAwMDAwMDAwMDAwfX0=",
          "dependencies": [
            "data.openstack_networking_network_v2.kvm_sharednet1",
            "data.openstack_networking_secgroup_v2.kvm_allow_http",
            "data.openstack_networking_secgroup_v2.kvm_allow_ssh"
          ]
        }
      ]
    },
    {
      "mode": "managed",
      "type": "openstack_networking_port_v2",
      "name": "gpu_port",
      "provider": "provider[\"registry.terraform.io/terraform-provider-openstack/openstack\"]",
      "instances": [
        {
          "schema_version": 0,
          "attributes": {
            "admin_state_up": true,
            "all_fixed_ips": [
              "10.52.2.180"
            ],
            "all_security_group_ids": [
              "035153a0-2bb1-4ff8-aeea-f7282a64ac7c",
              "dd4cd2bb-1ef6-456b-8046-ea5772a7222e"
            ],
            "all_tags": [],
            "allowed_address_pairs": [],
            "binding": [
              {
                "host_id": "",
                "profile": "",
                "vif_details": {},
                "vif_type": "",
                "vnic_type": "normal"
              }
            ],
            "description": "",
            "device_id": "",
            "device_owner": "",
            "dns_assignment": [],
            "dns_name": "",
            "extra_dhcp_option": [],
            "fixed_ip": [],
            "id": "63c8213b-8d82-4599-882b-6003531ac5bf",
            "mac_address": "fa:16:3e:bf:cb:0f",
            "name": "gpu-port-proj09-devops",
            "network_id": "1a03cf65-8fd6-4fce-94fd-bbaabe68a8e1",
            "no_fixed_ip": null,
            "no_security_groups": null,
            "port_security_enabled": true,
            "qos_policy_id": "",
            "region": "CHI@TACC",
            "security_group_ids": [
              "035153a0-2bb1-4ff8-aeea-f7282a64ac7c",
              "dd4cd2bb-1ef6-456b-8046-ea5772a7222e"
            ],
            "tags": null,
            "tenant_id": "d3c6e101843a4ba79e665ebf59b521a2",
            "timeouts": null,
            "value_specs": null
          },
          "sensitive_attributes": [],
          "private": "eyJlMmJmYjczMC1lY2FhLTExZTYtOGY4OC0zNDM2M2JjN2M0YzAiOnsiY3JlYXRlIjo2MDAwMDAwMDAwMDAsImRlbGV0ZSI6NjAwMDAwMDAwMDAwfX0=",
          "dependencies": [
            "data.openstack_networking_network_v2.sharednet1",
            "data.openstack_networking_secgroup_v2.allow_http_80",
            "data.openstack_networking_secgroup_v2.allow_ssh"
          ]
        }
      ]
    }
  ],
  "check_results": null
}
